
Microsoft Visual Studio Solution File, Format Version 12.00
# Visual Studio Version 17
VisualStudioVersion = 17.4.33122.133
MinimumVisualStudioVersion = 10.0.40219.1
Project("{FAE04EC0-301F-11D3-BF4B-00C04F79EFBC}") = "ConsoleApp2", "ConsoleApp2.csproj", "{62D47FD2-4778-4125-B856-2066311F0A37}"
EndProject
Global
	GlobalSection(SolutionConfigurationPlatforms) = preSolution
		Debug|Any CPU = Debug|Any CPU
		Release|Any CPU = Release|Any CPU
	EndGlobalSection
	GlobalSection(ProjectConfigurationPlatforms) = postSolution
		{62D47FD2-4778-4125-B856-2066311F0A37}.Debug|Any CPU.ActiveCfg = Debug|Any CPU
		{62D47FD2-4778-4125-B856-2066311F0A37}.Debug|Any CPU.Build.0 = Debug|Any CPU
		{62D47FD2-4778-4125-B856-2066311F0A37}.Release|Any CPU.ActiveCfg = Release|Any CPU
		{62D47FD2-4778-4125-B856-2066311F0A37}.Release|Any CPU.Build.0 = Release|Any CPU
	EndGlobalSection
	GlobalSection(SolutionProperties) = preSolution
		HideSolutionNode = FALSE
	EndGlobalSection
	GlobalSection(ExtensibilityGlobals) = postSolution
		SolutionGuid = {65E6E3B9-A361-4AE3-B48B-1260DEC200D9}
	EndGlobalSection
EndGlobal
